// !$*UTF8*$!
{
	archiveVersion = 1;
	classes = {
	};
	objectVersion = 52;
	objects = {

/* Begin PBXBuildFile section */
		4905EF3925EB6BE9005E3A19 /* Network.swift in Sources */ = {isa = PBXBuildFile; fileRef = 4905EF3825EB6BE9005E3A19 /* Network.swift */; };
		4905EF3A25EB6BE9005E3A19 /* Network.swift in Sources */ = {isa = PBXBuildFile; fileRef = 4905EF3825EB6BE9005E3A19 /* Network.swift */; };
		497E5AE925EB65330088B1BD /* Apollo-Dynamic in Frameworks */ = {isa = PBXBuildFile; productRef = 497E5AE825EB65330088B1BD /* Apollo-Dynamic */; };
		497E5AEA25EB65330088B1BD /* Apollo-Dynamic in Embed Frameworks */ = {isa = PBXBuildFile; productRef = 497E5AE825EB65330088B1BD /* Apollo-Dynamic */; settings = {ATTRIBUTES = (CodeSignOnCopy, ); }; };
		497E5AFC25EB679E0088B1BD /* SendLoginCode.graphql in Resources */ = {isa = PBXBuildFile; fileRef = 497E5AFB25EB679E0088B1BD /* SendLoginCode.graphql */; };
		497E5AFD25EB679E0088B1BD /* SendLoginCode.graphql in Resources */ = {isa = PBXBuildFile; fileRef = 497E5AFB25EB679E0088B1BD /* SendLoginCode.graphql */; };
		7A4BBF8E25EB22F000389944 /* RingViews.swift in Sources */ = {isa = PBXBuildFile; fileRef = 7A4BBF8D25EB22F000389944 /* RingViews.swift */; };
		7A4BBF8F25EB22F000389944 /* RingViews.swift in Sources */ = {isa = PBXBuildFile; fileRef = 7A4BBF8D25EB22F000389944 /* RingViews.swift */; };
		7A4BBF9525EB430700389944 /* LoginView.swift in Sources */ = {isa = PBXBuildFile; fileRef = 7A4BBF9425EB430700389944 /* LoginView.swift */; };
		7A4BBF9625EB430700389944 /* LoginView.swift in Sources */ = {isa = PBXBuildFile; fileRef = 7A4BBF9425EB430700389944 /* LoginView.swift */; };
		7A4BBFA325EB4D8D00389944 /* PhoneTextView.swift in Sources */ = {isa = PBXBuildFile; fileRef = 7A4BBFA225EB4D8D00389944 /* PhoneTextView.swift */; };
		7A4BBFA425EB4D8D00389944 /* PhoneTextView.swift in Sources */ = {isa = PBXBuildFile; fileRef = 7A4BBFA225EB4D8D00389944 /* PhoneTextView.swift */; };
		7AF872AB25EB1D150040C76B /* Tests_iOS.swift in Sources */ = {isa = PBXBuildFile; fileRef = 7AF872AA25EB1D150040C76B /* Tests_iOS.swift */; };
		7AF872B625EB1D160040C76B /* Tests_macOS.swift in Sources */ = {isa = PBXBuildFile; fileRef = 7AF872B525EB1D160040C76B /* Tests_macOS.swift */; };
		7AF872B825EB1D160040C76B /* HarnessApp.swift in Sources */ = {isa = PBXBuildFile; fileRef = 7AF8728F25EB1D140040C76B /* HarnessApp.swift */; };
		7AF872B925EB1D160040C76B /* HarnessApp.swift in Sources */ = {isa = PBXBuildFile; fileRef = 7AF8728F25EB1D140040C76B /* HarnessApp.swift */; };
		7AF872BA25EB1D160040C76B /* DashboardView.swift in Sources */ = {isa = PBXBuildFile; fileRef = 7AF8729025EB1D140040C76B /* DashboardView.swift */; };
		7AF872BB25EB1D160040C76B /* DashboardView.swift in Sources */ = {isa = PBXBuildFile; fileRef = 7AF8729025EB1D140040C76B /* DashboardView.swift */; };
		7AF872BC25EB1D160040C76B /* Assets.xcassets in Resources */ = {isa = PBXBuildFile; fileRef = 7AF8729125EB1D150040C76B /* Assets.xcassets */; };
		7AF872BD25EB1D160040C76B /* Assets.xcassets in Resources */ = {isa = PBXBuildFile; fileRef = 7AF8729125EB1D150040C76B /* Assets.xcassets */; };
		7AF872D125EB4FAC0040C76B /* PhoneNumberKit-Dynamic in Frameworks */ = {isa = PBXBuildFile; productRef = 7AF872D025EB4FAC0040C76B /* PhoneNumberKit-Dynamic */; };
		7AF872D225EB4FAC0040C76B /* PhoneNumberKit-Dynamic in Embed Frameworks */ = {isa = PBXBuildFile; productRef = 7AF872D025EB4FAC0040C76B /* PhoneNumberKit-Dynamic */; settings = {ATTRIBUTES = (CodeSignOnCopy, ); }; };
		B5623C1625EB741D004B27D1 /* API.swift in Sources */ = {isa = PBXBuildFile; fileRef = B5623C1525EB741D004B27D1 /* API.swift */; };
		B5623C1725EB741D004B27D1 /* API.swift in Sources */ = {isa = PBXBuildFile; fileRef = B5623C1525EB741D004B27D1 /* API.swift */; };
		B5623C1C25EB79D5004B27D1 /* EnterCodeView.swift in Sources */ = {isa = PBXBuildFile; fileRef = B5623C1B25EB79D5004B27D1 /* EnterCodeView.swift */; };
		B5623C1D25EB79D5004B27D1 /* EnterCodeView.swift in Sources */ = {isa = PBXBuildFile; fileRef = B5623C1B25EB79D5004B27D1 /* EnterCodeView.swift */; };
		B5623C2225EB7F45004B27D1 /* LoginWithPhoneCode.graphql in Resources */ = {isa = PBXBuildFile; fileRef = B5623C2125EB7F45004B27D1 /* LoginWithPhoneCode.graphql */; };
		B5623C2325EB7F45004B27D1 /* LoginWithPhoneCode.graphql in Resources */ = {isa = PBXBuildFile; fileRef = B5623C2125EB7F45004B27D1 /* LoginWithPhoneCode.graphql */; };
		B5623C2925EB933E004B27D1 /* KeychainAccess in Frameworks */ = {isa = PBXBuildFile; productRef = B5623C2825EB933E004B27D1 /* KeychainAccess */; };
		B5623C2E25EB962F004B27D1 /* DashboardQuery.graphql in Resources */ = {isa = PBXBuildFile; fileRef = B5623C2D25EB962F004B27D1 /* DashboardQuery.graphql */; };
		B5623C2F25EB962F004B27D1 /* DashboardQuery.graphql in Resources */ = {isa = PBXBuildFile; fileRef = B5623C2D25EB962F004B27D1 /* DashboardQuery.graphql */; };
/* End PBXBuildFile section */

/* Begin PBXContainerItemProxy section */
		7AF872A725EB1D150040C76B /* PBXContainerItemProxy */ = {
			isa = PBXContainerItemProxy;
			containerPortal = 7AF8728A25EB1D140040C76B /* Project object */;
			proxyType = 1;
			remoteGlobalIDString = 7AF8729525EB1D150040C76B;
			remoteInfo = "Harness (iOS)";
		};
		7AF872B225EB1D160040C76B /* PBXContainerItemProxy */ = {
			isa = PBXContainerItemProxy;
			containerPortal = 7AF8728A25EB1D140040C76B /* Project object */;
			proxyType = 1;
			remoteGlobalIDString = 7AF8729D25EB1D150040C76B;
			remoteInfo = "Harness (macOS)";
		};
/* End PBXContainerItemProxy section */

/* Begin PBXCopyFilesBuildPhase section */
		7AF872D325EB4FAC0040C76B /* Embed Frameworks */ = {
			isa = PBXCopyFilesBuildPhase;
			buildActionMask = 2147483647;
			dstPath = "";
			dstSubfolderSpec = 10;
			files = (
				7AF872D225EB4FAC0040C76B /* PhoneNumberKit-Dynamic in Embed Frameworks */,
				497E5AEA25EB65330088B1BD /* Apollo-Dynamic in Embed Frameworks */,
			);
			name = "Embed Frameworks";
			runOnlyForDeploymentPostprocessing = 0;
		};
/* End PBXCopyFilesBuildPhase section */

/* Begin PBXFileReference section */
		4905EF3825EB6BE9005E3A19 /* Network.swift */ = {isa = PBXFileReference; lastKnownFileType = sourcecode.swift; path = Network.swift; sourceTree = "<group>"; };
		497E5AFB25EB679E0088B1BD /* SendLoginCode.graphql */ = {isa = PBXFileReference; lastKnownFileType = text; path = SendLoginCode.graphql; sourceTree = "<group>"; };
		7A4BBF8D25EB22F000389944 /* RingViews.swift */ = {isa = PBXFileReference; fileEncoding = 4; lastKnownFileType = sourcecode.swift; path = RingViews.swift; sourceTree = "<group>"; };
		7A4BBF9425EB430700389944 /* LoginView.swift */ = {isa = PBXFileReference; lastKnownFileType = sourcecode.swift; path = LoginView.swift; sourceTree = "<group>"; };
		7A4BBFA225EB4D8D00389944 /* PhoneTextView.swift */ = {isa = PBXFileReference; lastKnownFileType = sourcecode.swift; path = PhoneTextView.swift; sourceTree = "<group>"; };
		7AF8728F25EB1D140040C76B /* HarnessApp.swift */ = {isa = PBXFileReference; lastKnownFileType = sourcecode.swift; path = HarnessApp.swift; sourceTree = "<group>"; };
		7AF8729025EB1D140040C76B /* DashboardView.swift */ = {isa = PBXFileReference; lastKnownFileType = sourcecode.swift; path = DashboardView.swift; sourceTree = "<group>"; };
		7AF8729125EB1D150040C76B /* Assets.xcassets */ = {isa = PBXFileReference; lastKnownFileType = folder.assetcatalog; path = Assets.xcassets; sourceTree = "<group>"; };
		7AF8729625EB1D150040C76B /* Harness.app */ = {isa = PBXFileReference; explicitFileType = wrapper.application; includeInIndex = 0; path = Harness.app; sourceTree = BUILT_PRODUCTS_DIR; };
		7AF8729925EB1D150040C76B /* Info.plist */ = {isa = PBXFileReference; lastKnownFileType = text.plist.xml; path = Info.plist; sourceTree = "<group>"; };
		7AF8729E25EB1D150040C76B /* Harness.app */ = {isa = PBXFileReference; explicitFileType = wrapper.application; includeInIndex = 0; path = Harness.app; sourceTree = BUILT_PRODUCTS_DIR; };
		7AF872A025EB1D150040C76B /* Info.plist */ = {isa = PBXFileReference; lastKnownFileType = text.plist.xml; path = Info.plist; sourceTree = "<group>"; };
		7AF872A125EB1D150040C76B /* macOS.entitlements */ = {isa = PBXFileReference; lastKnownFileType = text.plist.entitlements; path = macOS.entitlements; sourceTree = "<group>"; };
		7AF872A625EB1D150040C76B /* Tests iOS.xctest */ = {isa = PBXFileReference; explicitFileType = wrapper.cfbundle; includeInIndex = 0; path = "Tests iOS.xctest"; sourceTree = BUILT_PRODUCTS_DIR; };
		7AF872AA25EB1D150040C76B /* Tests_iOS.swift */ = {isa = PBXFileReference; lastKnownFileType = sourcecode.swift; path = Tests_iOS.swift; sourceTree = "<group>"; };
		7AF872AC25EB1D150040C76B /* Info.plist */ = {isa = PBXFileReference; lastKnownFileType = text.plist.xml; path = Info.plist; sourceTree = "<group>"; };
		7AF872B125EB1D160040C76B /* Tests macOS.xctest */ = {isa = PBXFileReference; explicitFileType = wrapper.cfbundle; includeInIndex = 0; path = "Tests macOS.xctest"; sourceTree = BUILT_PRODUCTS_DIR; };
		7AF872B525EB1D160040C76B /* Tests_macOS.swift */ = {isa = PBXFileReference; lastKnownFileType = sourcecode.swift; path = Tests_macOS.swift; sourceTree = "<group>"; };
		7AF872B725EB1D160040C76B /* Info.plist */ = {isa = PBXFileReference; lastKnownFileType = text.plist.xml; path = Info.plist; sourceTree = "<group>"; };
		B5623C1525EB741D004B27D1 /* API.swift */ = {isa = PBXFileReference; fileEncoding = 4; lastKnownFileType = sourcecode.swift; path = API.swift; sourceTree = SOURCE_ROOT; };
		B5623C1B25EB79D5004B27D1 /* EnterCodeView.swift */ = {isa = PBXFileReference; lastKnownFileType = sourcecode.swift; path = EnterCodeView.swift; sourceTree = "<group>"; };
		B5623C2125EB7F45004B27D1 /* LoginWithPhoneCode.graphql */ = {isa = PBXFileReference; lastKnownFileType = text; path = LoginWithPhoneCode.graphql; sourceTree = "<group>"; };
		B5623C2D25EB962F004B27D1 /* DashboardQuery.graphql */ = {isa = PBXFileReference; lastKnownFileType = text; path = DashboardQuery.graphql; sourceTree = "<group>"; };
/* End PBXFileReference section */

/* Begin PBXFrameworksBuildPhase section */
		7AF8729325EB1D150040C76B /* Frameworks */ = {
			isa = PBXFrameworksBuildPhase;
			buildActionMask = 2147483647;
			files = (
				7AF872D125EB4FAC0040C76B /* PhoneNumberKit-Dynamic in Frameworks */,
				497E5AE925EB65330088B1BD /* Apollo-Dynamic in Frameworks */,
				B5623C2925EB933E004B27D1 /* KeychainAccess in Frameworks */,
			);
			runOnlyForDeploymentPostprocessing = 0;
		};
		7AF8729B25EB1D150040C76B /* Frameworks */ = {
			isa = PBXFrameworksBuildPhase;
			buildActionMask = 2147483647;
			files = (
			);
			runOnlyForDeploymentPostprocessing = 0;
		};
		7AF872A325EB1D150040C76B /* Frameworks */ = {
			isa = PBXFrameworksBuildPhase;
			buildActionMask = 2147483647;
			files = (
			);
			runOnlyForDeploymentPostprocessing = 0;
		};
		7AF872AE25EB1D160040C76B /* Frameworks */ = {
			isa = PBXFrameworksBuildPhase;
			buildActionMask = 2147483647;
			files = (
			);
			runOnlyForDeploymentPostprocessing = 0;
		};
/* End PBXFrameworksBuildPhase section */

/* Begin PBXGroup section */
		7AF8728925EB1D140040C76B = {
			isa = PBXGroup;
			children = (
				7AF8728E25EB1D140040C76B /* Shared */,
				7AF8729825EB1D150040C76B /* iOS */,
				7AF8729F25EB1D150040C76B /* macOS */,
				7AF872A925EB1D150040C76B /* Tests iOS */,
				7AF872B425EB1D160040C76B /* Tests macOS */,
				7AF8729725EB1D150040C76B /* Products */,
			);
			sourceTree = "<group>";
		};
		7AF8728E25EB1D140040C76B /* Shared */ = {
			isa = PBXGroup;
			children = (
				B5623C1525EB741D004B27D1 /* API.swift */,
				7AF8728F25EB1D140040C76B /* HarnessApp.swift */,
				7AF8729025EB1D140040C76B /* DashboardView.swift */,
				7A4BBF9425EB430700389944 /* LoginView.swift */,
				7A4BBFA225EB4D8D00389944 /* PhoneTextView.swift */,
				7AF8729125EB1D150040C76B /* Assets.xcassets */,
				7A4BBF8D25EB22F000389944 /* RingViews.swift */,
				497E5AFB25EB679E0088B1BD /* SendLoginCode.graphql */,
				4905EF3825EB6BE9005E3A19 /* Network.swift */,
				B5623C1B25EB79D5004B27D1 /* EnterCodeView.swift */,
				B5623C2125EB7F45004B27D1 /* LoginWithPhoneCode.graphql */,
				B5623C2D25EB962F004B27D1 /* DashboardQuery.graphql */,
			);
			path = Shared;
			sourceTree = "<group>";
		};
		7AF8729725EB1D150040C76B /* Products */ = {
			isa = PBXGroup;
			children = (
				7AF8729625EB1D150040C76B /* Harness.app */,
				7AF8729E25EB1D150040C76B /* Harness.app */,
				7AF872A625EB1D150040C76B /* Tests iOS.xctest */,
				7AF872B125EB1D160040C76B /* Tests macOS.xctest */,
			);
			name = Products;
			sourceTree = "<group>";
		};
		7AF8729825EB1D150040C76B /* iOS */ = {
			isa = PBXGroup;
			children = (
				7AF8729925EB1D150040C76B /* Info.plist */,
			);
			path = iOS;
			sourceTree = "<group>";
		};
		7AF8729F25EB1D150040C76B /* macOS */ = {
			isa = PBXGroup;
			children = (
				7AF872A025EB1D150040C76B /* Info.plist */,
				7AF872A125EB1D150040C76B /* macOS.entitlements */,
			);
			path = macOS;
			sourceTree = "<group>";
		};
		7AF872A925EB1D150040C76B /* Tests iOS */ = {
			isa = PBXGroup;
			children = (
				7AF872AA25EB1D150040C76B /* Tests_iOS.swift */,
				7AF872AC25EB1D150040C76B /* Info.plist */,
			);
			path = "Tests iOS";
			sourceTree = "<group>";
		};
		7AF872B425EB1D160040C76B /* Tests macOS */ = {
			isa = PBXGroup;
			children = (
				7AF872B525EB1D160040C76B /* Tests_macOS.swift */,
				7AF872B725EB1D160040C76B /* Info.plist */,
			);
			path = "Tests macOS";
			sourceTree = "<group>";
		};
/* End PBXGroup section */

/* Begin PBXNativeTarget section */
		7AF8729525EB1D150040C76B /* Harness (iOS) */ = {
			isa = PBXNativeTarget;
			buildConfigurationList = 7AF872C025EB1D160040C76B /* Build configuration list for PBXNativeTarget "Harness (iOS)" */;
			buildPhases = (
				497E5AEE25EB653E0088B1BD /* Apollo */,
				7AF8729225EB1D150040C76B /* Sources */,
				7AF8729325EB1D150040C76B /* Frameworks */,
				7AF8729425EB1D150040C76B /* Resources */,
				7AF872D325EB4FAC0040C76B /* Embed Frameworks */,
			);
			buildRules = (
			);
			dependencies = (
			);
			name = "Harness (iOS)";
			packageProductDependencies = (
				7AF872D025EB4FAC0040C76B /* PhoneNumberKit-Dynamic */,
				497E5AE825EB65330088B1BD /* Apollo-Dynamic */,
				B5623C2825EB933E004B27D1 /* KeychainAccess */,
			);
			productName = "Harness (iOS)";
			productReference = 7AF8729625EB1D150040C76B /* Harness.app */;
			productType = "com.apple.product-type.application";
		};
		7AF8729D25EB1D150040C76B /* Harness (macOS) */ = {
			isa = PBXNativeTarget;
			buildConfigurationList = 7AF872C325EB1D160040C76B /* Build configuration list for PBXNativeTarget "Harness (macOS)" */;
			buildPhases = (
				7AF8729A25EB1D150040C76B /* Sources */,
				7AF8729B25EB1D150040C76B /* Frameworks */,
				7AF8729C25EB1D150040C76B /* Resources */,
			);
			buildRules = (
			);
			dependencies = (
			);
			name = "Harness (macOS)";
			productName = "Harness (macOS)";
			productReference = 7AF8729E25EB1D150040C76B /* Harness.app */;
			productType = "com.apple.product-type.application";
		};
		7AF872A525EB1D150040C76B /* Tests iOS */ = {
			isa = PBXNativeTarget;
			buildConfigurationList = 7AF872C625EB1D160040C76B /* Build configuration list for PBXNativeTarget "Tests iOS" */;
			buildPhases = (
				7AF872A225EB1D150040C76B /* Sources */,
				7AF872A325EB1D150040C76B /* Frameworks */,
				7AF872A425EB1D150040C76B /* Resources */,
			);
			buildRules = (
			);
			dependencies = (
				7AF872A825EB1D150040C76B /* PBXTargetDependency */,
			);
			name = "Tests iOS";
			productName = "Tests iOS";
			productReference = 7AF872A625EB1D150040C76B /* Tests iOS.xctest */;
			productType = "com.apple.product-type.bundle.ui-testing";
		};
		7AF872B025EB1D160040C76B /* Tests macOS */ = {
			isa = PBXNativeTarget;
			buildConfigurationList = 7AF872C925EB1D160040C76B /* Build configuration list for PBXNativeTarget "Tests macOS" */;
			buildPhases = (
				7AF872AD25EB1D160040C76B /* Sources */,
				7AF872AE25EB1D160040C76B /* Frameworks */,
				7AF872AF25EB1D160040C76B /* Resources */,
			);
			buildRules = (
			);
			dependencies = (
				7AF872B325EB1D160040C76B /* PBXTargetDependency */,
			);
			name = "Tests macOS";
			productName = "Tests macOS";
			productReference = 7AF872B125EB1D160040C76B /* Tests macOS.xctest */;
			productType = "com.apple.product-type.bundle.ui-testing";
		};
/* End PBXNativeTarget section */

/* Begin PBXProject section */
		7AF8728A25EB1D140040C76B /* Project object */ = {
			isa = PBXProject;
			attributes = {
				LastSwiftUpdateCheck = 1250;
				LastUpgradeCheck = 1250;
				TargetAttributes = {
					7AF8729525EB1D150040C76B = {
						CreatedOnToolsVersion = 12.5;
					};
					7AF8729D25EB1D150040C76B = {
						CreatedOnToolsVersion = 12.5;
					};
					7AF872A525EB1D150040C76B = {
						CreatedOnToolsVersion = 12.5;
						TestTargetID = 7AF8729525EB1D150040C76B;
					};
					7AF872B025EB1D160040C76B = {
						CreatedOnToolsVersion = 12.5;
						TestTargetID = 7AF8729D25EB1D150040C76B;
					};
				};
			};
			buildConfigurationList = 7AF8728D25EB1D140040C76B /* Build configuration list for PBXProject "Harness" */;
			compatibilityVersion = "Xcode 9.3";
			developmentRegion = en;
			hasScannedForEncodings = 0;
			knownRegions = (
				en,
				Base,
			);
			mainGroup = 7AF8728925EB1D140040C76B;
			packageReferences = (
				7AF872CF25EB4FAC0040C76B /* XCRemoteSwiftPackageReference "PhoneNumberKit" */,
				497E5AE725EB65330088B1BD /* XCRemoteSwiftPackageReference "apollo-ios" */,
				B5623C2725EB933E004B27D1 /* XCRemoteSwiftPackageReference "KeychainAccess" */,
			);
			productRefGroup = 7AF8729725EB1D150040C76B /* Products */;
			projectDirPath = "";
			projectRoot = "";
			targets = (
				7AF8729525EB1D150040C76B /* Harness (iOS) */,
				7AF8729D25EB1D150040C76B /* Harness (macOS) */,
				7AF872A525EB1D150040C76B /* Tests iOS */,
				7AF872B025EB1D160040C76B /* Tests macOS */,
			);
		};
/* End PBXProject section */

/* Begin PBXResourcesBuildPhase section */
		7AF8729425EB1D150040C76B /* Resources */ = {
			isa = PBXResourcesBuildPhase;
			buildActionMask = 2147483647;
			files = (
				B5623C2225EB7F45004B27D1 /* LoginWithPhoneCode.graphql in Resources */,
				B5623C2E25EB962F004B27D1 /* DashboardQuery.graphql in Resources */,
				497E5AFC25EB679E0088B1BD /* SendLoginCode.graphql in Resources */,
				7AF872BC25EB1D160040C76B /* Assets.xcassets in Resources */,
			);
			runOnlyForDeploymentPostprocessing = 0;
		};
		7AF8729C25EB1D150040C76B /* Resources */ = {
			isa = PBXResourcesBuildPhase;
			buildActionMask = 2147483647;
			files = (
				B5623C2325EB7F45004B27D1 /* LoginWithPhoneCode.graphql in Resources */,
				B5623C2F25EB962F004B27D1 /* DashboardQuery.graphql in Resources */,
				497E5AFD25EB679E0088B1BD /* SendLoginCode.graphql in Resources */,
				7AF872BD25EB1D160040C76B /* Assets.xcassets in Resources */,
			);
			runOnlyForDeploymentPostprocessing = 0;
		};
		7AF872A425EB1D150040C76B /* Resources */ = {
			isa = PBXResourcesBuildPhase;
			buildActionMask = 2147483647;
			files = (
			);
			runOnlyForDeploymentPostprocessing = 0;
		};
		7AF872AF25EB1D160040C76B /* Resources */ = {
			isa = PBXResourcesBuildPhase;
			buildActionMask = 2147483647;
			files = (
			);
			runOnlyForDeploymentPostprocessing = 0;
		};
/* End PBXResourcesBuildPhase section */

/* Begin PBXShellScriptBuildPhase section */
		497E5AEE25EB653E0088B1BD /* Apollo */ = {
			isa = PBXShellScriptBuildPhase;
			buildActionMask = 2147483647;
			files = (
			);
			inputFileListPaths = (
			);
			inputPaths = (
			);
			name = Apollo;
			outputFileListPaths = (
			);
			outputPaths = (
			);
			runOnlyForDeploymentPostprocessing = 0;
			shellPath = /bin/sh;
			shellScript = "# Go to the build root and search up the chain to find the Derived Data Path where the source packages are checked out.\nDERIVED_DATA_CANDIDATE=\"${BUILD_ROOT}\"\n\nwhile ! [ -d \"${DERIVED_DATA_CANDIDATE}/SourcePackages\" ]; do\n  if [ \"${DERIVED_DATA_CANDIDATE}\" = / ]; then\n    echo >&2 \"error: Unable to locate SourcePackages directory from BUILD_ROOT: '${BUILD_ROOT}'\"\n    exit 1\n  fi\n\n  DERIVED_DATA_CANDIDATE=\"$(dirname \"${DERIVED_DATA_CANDIDATE}\")\"\ndone\n\n# Grab a reference to the directory where scripts are checked out\nSCRIPT_PATH=\"${DERIVED_DATA_CANDIDATE}/SourcePackages/checkouts/apollo-ios/scripts\"\n\nif [ -z \"${SCRIPT_PATH}\" ]; then\n    echo >&2 \"error: Couldn't find the CLI script in your checked out SPM packages; make sure to add the framework to your project.\"\n    exit 1\nfi\n\ncd \"${SRCROOT}/${TARGET_NAME}\"\n\n\"${SCRIPT_PATH}\"/run-bundled-codegen.sh schema:download --endpoint=https://api.harnessbudget.com/graphql schema.json\n\n\"${SCRIPT_PATH}\"/run-bundled-codegen.sh codegen:generate --target=swift --includes=./**/*.graphql --localSchemaFile=\"schema.json\" API.swift\n";
		};
/* End PBXShellScriptBuildPhase section */

/* Begin PBXSourcesBuildPhase section */
		7AF8729225EB1D150040C76B /* Sources */ = {
			isa = PBXSourcesBuildPhase;
			buildActionMask = 2147483647;
			files = (
				7AF872BA25EB1D160040C76B /* DashboardView.swift in Sources */,
				7AF872B825EB1D160040C76B /* HarnessApp.swift in Sources */,
				B5623C1C25EB79D5004B27D1 /* EnterCodeView.swift in Sources */,
				4905EF3925EB6BE9005E3A19 /* Network.swift in Sources */,
				7A4BBFA325EB4D8D00389944 /* PhoneTextView.swift in Sources */,
				7A4BBF9525EB430700389944 /* LoginView.swift in Sources */,
				7A4BBF8E25EB22F000389944 /* RingViews.swift in Sources */,
				B5623C1625EB741D004B27D1 /* API.swift in Sources */,
			);
			runOnlyForDeploymentPostprocessing = 0;
		};
		7AF8729A25EB1D150040C76B /* Sources */ = {
			isa = PBXSourcesBuildPhase;
			buildActionMask = 2147483647;
			files = (
				7AF872BB25EB1D160040C76B /* DashboardView.swift in Sources */,
				7AF872B925EB1D160040C76B /* HarnessApp.swift in Sources */,
				B5623C1D25EB79D5004B27D1 /* EnterCodeView.swift in Sources */,
				4905EF3A25EB6BE9005E3A19 /* Network.swift in Sources */,
				7A4BBFA425EB4D8D00389944 /* PhoneTextView.swift in Sources */,
				7A4BBF9625EB430700389944 /* LoginView.swift in Sources */,
				7A4BBF8F25EB22F000389944 /* RingViews.swift in Sources */,
				B5623C1725EB741D004B27D1 /* API.swift in Sources */,
			);
			runOnlyForDeploymentPostprocessing = 0;
		};
		7AF872A225EB1D150040C76B /* Sources */ = {
			isa = PBXSourcesBuildPhase;
			buildActionMask = 2147483647;
			files = (
				7AF872AB25EB1D150040C76B /* Tests_iOS.swift in Sources */,
			);
			runOnlyForDeploymentPostprocessing = 0;
		};
		7AF872AD25EB1D160040C76B /* Sources */ = {
			isa = PBXSourcesBuildPhase;
			buildActionMask = 2147483647;
			files = (
				7AF872B625EB1D160040C76B /* Tests_macOS.swift in Sources */,
			);
			runOnlyForDeploymentPostprocessing = 0;
		};
/* End PBXSourcesBuildPhase section */

/* Begin PBXTargetDependency section */
		7AF872A825EB1D150040C76B /* PBXTargetDependency */ = {
			isa = PBXTargetDependency;
			target = 7AF8729525EB1D150040C76B /* Harness (iOS) */;
			targetProxy = 7AF872A725EB1D150040C76B /* PBXContainerItemProxy */;
		};
		7AF872B325EB1D160040C76B /* PBXTargetDependency */ = {
			isa = PBXTargetDependency;
			target = 7AF8729D25EB1D150040C76B /* Harness (macOS) */;
			targetProxy = 7AF872B225EB1D160040C76B /* PBXContainerItemProxy */;
		};
/* End PBXTargetDependency section */

/* Begin XCBuildConfiguration section */
		7AF872BE25EB1D160040C76B /* Debug */ = {
			isa = XCBuildConfiguration;
			buildSettings = {
				ALWAYS_SEARCH_USER_PATHS = NO;
				CLANG_ANALYZER_NONNULL = YES;
				CLANG_ANALYZER_NUMBER_OBJECT_CONVERSION = YES_AGGRESSIVE;
				CLANG_CXX_LANGUAGE_STANDARD = "gnu++14";
				CLANG_CXX_LIBRARY = "libc++";
				CLANG_ENABLE_MODULES = YES;
				CLANG_ENABLE_OBJC_ARC = YES;
				CLANG_ENABLE_OBJC_WEAK = YES;
				CLANG_WARN_BLOCK_CAPTURE_AUTORELEASING = YES;
				CLANG_WARN_BOOL_CONVERSION = YES;
				CLANG_WARN_COMMA = YES;
				CLANG_WARN_CONSTANT_CONVERSION = YES;
				CLANG_WARN_DEPRECATED_OBJC_IMPLEMENTATIONS = YES;
				CLANG_WARN_DIRECT_OBJC_ISA_USAGE = YES_ERROR;
				CLANG_WARN_DOCUMENTATION_COMMENTS = YES;
				CLANG_WARN_EMPTY_BODY = YES;
				CLANG_WARN_ENUM_CONVERSION = YES;
				CLANG_WARN_INFINITE_RECURSION = YES;
				CLANG_WARN_INT_CONVERSION = YES;
				CLANG_WARN_NON_LITERAL_NULL_CONVERSION = YES;
				CLANG_WARN_OBJC_IMPLICIT_RETAIN_SELF = YES;
				CLANG_WARN_OBJC_LITERAL_CONVERSION = YES;
				CLANG_WARN_OBJC_ROOT_CLASS = YES_ERROR;
				CLANG_WARN_QUOTED_INCLUDE_IN_FRAMEWORK_HEADER = YES;
				CLANG_WARN_RANGE_LOOP_ANALYSIS = YES;
				CLANG_WARN_STRICT_PROTOTYPES = YES;
				CLANG_WARN_SUSPICIOUS_MOVE = YES;
				CLANG_WARN_UNGUARDED_AVAILABILITY = YES_AGGRESSIVE;
				CLANG_WARN_UNREACHABLE_CODE = YES;
				CLANG_WARN__DUPLICATE_METHOD_MATCH = YES;
				COPY_PHASE_STRIP = NO;
				DEBUG_INFORMATION_FORMAT = dwarf;
				ENABLE_STRICT_OBJC_MSGSEND = YES;
				ENABLE_TESTABILITY = YES;
				GCC_C_LANGUAGE_STANDARD = gnu11;
				GCC_DYNAMIC_NO_PIC = NO;
				GCC_NO_COMMON_BLOCKS = YES;
				GCC_OPTIMIZATION_LEVEL = 0;
				GCC_PREPROCESSOR_DEFINITIONS = (
					"DEBUG=1",
					"$(inherited)",
				);
				GCC_WARN_64_TO_32_BIT_CONVERSION = YES;
				GCC_WARN_ABOUT_RETURN_TYPE = YES_ERROR;
				GCC_WARN_UNDECLARED_SELECTOR = YES;
				GCC_WARN_UNINITIALIZED_AUTOS = YES_AGGRESSIVE;
				GCC_WARN_UNUSED_FUNCTION = YES;
				GCC_WARN_UNUSED_VARIABLE = YES;
				MTL_ENABLE_DEBUG_INFO = INCLUDE_SOURCE;
				MTL_FAST_MATH = YES;
				ONLY_ACTIVE_ARCH = YES;
				SWIFT_ACTIVE_COMPILATION_CONDITIONS = DEBUG;
				SWIFT_OPTIMIZATION_LEVEL = "-Onone";
			};
			name = Debug;
		};
		7AF872BF25EB1D160040C76B /* Release */ = {
			isa = XCBuildConfiguration;
			buildSettings = {
				ALWAYS_SEARCH_USER_PATHS = NO;
				CLANG_ANALYZER_NONNULL = YES;
				CLANG_ANALYZER_NUMBER_OBJECT_CONVERSION = YES_AGGRESSIVE;
				CLANG_CXX_LANGUAGE_STANDARD = "gnu++14";
				CLANG_CXX_LIBRARY = "libc++";
				CLANG_ENABLE_MODULES = YES;
				CLANG_ENABLE_OBJC_ARC = YES;
				CLANG_ENABLE_OBJC_WEAK = YES;
				CLANG_WARN_BLOCK_CAPTURE_AUTORELEASING = YES;
				CLANG_WARN_BOOL_CONVERSION = YES;
				CLANG_WARN_COMMA = YES;
				CLANG_WARN_CONSTANT_CONVERSION = YES;
				CLANG_WARN_DEPRECATED_OBJC_IMPLEMENTATIONS = YES;
				CLANG_WARN_DIRECT_OBJC_ISA_USAGE = YES_ERROR;
				CLANG_WARN_DOCUMENTATION_COMMENTS = YES;
				CLANG_WARN_EMPTY_BODY = YES;
				CLANG_WARN_ENUM_CONVERSION = YES;
				CLANG_WARN_INFINITE_RECURSION = YES;
				CLANG_WARN_INT_CONVERSION = YES;
				CLANG_WARN_NON_LITERAL_NULL_CONVERSION = YES;
				CLANG_WARN_OBJC_IMPLICIT_RETAIN_SELF = YES;
				CLANG_WARN_OBJC_LITERAL_CONVERSION = YES;
				CLANG_WARN_OBJC_ROOT_CLASS = YES_ERROR;
				CLANG_WARN_QUOTED_INCLUDE_IN_FRAMEWORK_HEADER = YES;
				CLANG_WARN_RANGE_LOOP_ANALYSIS = YES;
				CLANG_WARN_STRICT_PROTOTYPES = YES;
				CLANG_WARN_SUSPICIOUS_MOVE = YES;
				CLANG_WARN_UNGUARDED_AVAILABILITY = YES_AGGRESSIVE;
				CLANG_WARN_UNREACHABLE_CODE = YES;
				CLANG_WARN__DUPLICATE_METHOD_MATCH = YES;
				COPY_PHASE_STRIP = NO;
				DEBUG_INFORMATION_FORMAT = "dwarf-with-dsym";
				ENABLE_NS_ASSERTIONS = NO;
				ENABLE_STRICT_OBJC_MSGSEND = YES;
				GCC_C_LANGUAGE_STANDARD = gnu11;
				GCC_NO_COMMON_BLOCKS = YES;
				GCC_WARN_64_TO_32_BIT_CONVERSION = YES;
				GCC_WARN_ABOUT_RETURN_TYPE = YES_ERROR;
				GCC_WARN_UNDECLARED_SELECTOR = YES;
				GCC_WARN_UNINITIALIZED_AUTOS = YES_AGGRESSIVE;
				GCC_WARN_UNUSED_FUNCTION = YES;
				GCC_WARN_UNUSED_VARIABLE = YES;
				MTL_ENABLE_DEBUG_INFO = NO;
				MTL_FAST_MATH = YES;
				SWIFT_COMPILATION_MODE = wholemodule;
				SWIFT_OPTIMIZATION_LEVEL = "-O";
			};
			name = Release;
		};
		7AF872C125EB1D160040C76B /* Debug */ = {
			isa = XCBuildConfiguration;
			buildSettings = {
				ASSETCATALOG_COMPILER_APPICON_NAME = AppIcon;
				ASSETCATALOG_COMPILER_GLOBAL_ACCENT_COLOR_NAME = AccentColor;
				CODE_SIGN_STYLE = Automatic;
				DEVELOPMENT_TEAM = K769B885DM;
				ENABLE_PREVIEWS = YES;
				INFOPLIST_FILE = iOS/Info.plist;
				IPHONEOS_DEPLOYMENT_TARGET = 14.0;
				LD_RUNPATH_SEARCH_PATHS = (
					"$(inherited)",
					"@executable_path/Frameworks",
				);
				PRODUCT_BUNDLE_IDENTIFIER = com.benaubin.HarnessBudget;
				PRODUCT_NAME = Harness;
				SDKROOT = iphoneos;
				SWIFT_VERSION = 5.0;
				TARGETED_DEVICE_FAMILY = "1,2";
			};
			name = Debug;
		};
		7AF872C225EB1D160040C76B /* Release */ = {
			isa = XCBuildConfiguration;
			buildSettings = {
				ASSETCATALOG_COMPILER_APPICON_NAME = AppIcon;
				ASSETCATALOG_COMPILER_GLOBAL_ACCENT_COLOR_NAME = AccentColor;
				CODE_SIGN_STYLE = Automatic;
				DEVELOPMENT_TEAM = K769B885DM;
				ENABLE_PREVIEWS = YES;
				INFOPLIST_FILE = iOS/Info.plist;
				IPHONEOS_DEPLOYMENT_TARGET = 14.0;
				LD_RUNPATH_SEARCH_PATHS = (
					"$(inherited)",
					"@executable_path/Frameworks",
				);
				PRODUCT_BUNDLE_IDENTIFIER = com.benaubin.HarnessBudget;
				PRODUCT_NAME = Harness;
				SDKROOT = iphoneos;
				SWIFT_VERSION = 5.0;
				TARGETED_DEVICE_FAMILY = "1,2";
				VALIDATE_PRODUCT = YES;
			};
			name = Release;
		};
		7AF872C425EB1D160040C76B /* Debug */ = {
			isa = XCBuildConfiguration;
			buildSettings = {
				ASSETCATALOG_COMPILER_APPICON_NAME = AppIcon;
				ASSETCATALOG_COMPILER_GLOBAL_ACCENT_COLOR_NAME = AccentColor;
				CODE_SIGN_ENTITLEMENTS = macOS/macOS.entitlements;
				CODE_SIGN_STYLE = Automatic;
				COMBINE_HIDPI_IMAGES = YES;
				DEVELOPMENT_TEAM = K769B885DM;
				ENABLE_HARDENED_RUNTIME = YES;
				ENABLE_PREVIEWS = YES;
				INFOPLIST_FILE = macOS/Info.plist;
				LD_RUNPATH_SEARCH_PATHS = (
					"$(inherited)",
					"@executable_path/../Frameworks",
				);
				MACOSX_DEPLOYMENT_TARGET = 11.0;
				PRODUCT_BUNDLE_IDENTIFIER = com.benaubin.HarnessBudget;
				PRODUCT_NAME = Harness;
				SDKROOT = macosx;
				SWIFT_VERSION = 5.0;
			};
			name = Debug;
		};
		7AF872C525EB1D160040C76B /* Release */ = {
			isa = XCBuildConfiguration;
			buildSettings = {
				ASSETCATALOG_COMPILER_APPICON_NAME = AppIcon;
				ASSETCATALOG_COMPILER_GLOBAL_ACCENT_COLOR_NAME = AccentColor;
				CODE_SIGN_ENTITLEMENTS = macOS/macOS.entitlements;
				CODE_SIGN_STYLE = Automatic;
				COMBINE_HIDPI_IMAGES = YES;
				DEVELOPMENT_TEAM = K769B885DM;
				ENABLE_HARDENED_RUNTIME = YES;
				ENABLE_PREVIEWS = YES;
				INFOPLIST_FILE = macOS/Info.plist;
				LD_RUNPATH_SEARCH_PATHS = (
					"$(inherited)",
					"@executable_path/../Frameworks",
				);
				MACOSX_DEPLOYMENT_TARGET = 11.0;
				PRODUCT_BUNDLE_IDENTIFIER = com.benaubin.HarnessBudget;
				PRODUCT_NAME = Harness;
				SDKROOT = macosx;
				SWIFT_VERSION = 5.0;
			};
			name = Release;
		};
		7AF872C725EB1D160040C76B /* Debug */ = {
			isa = XCBuildConfiguration;
			buildSettings = {
				ALWAYS_EMBED_SWIFT_STANDARD_LIBRARIES = YES;
				CODE_SIGN_STYLE = Automatic;
				DEVELOPMENT_TEAM = XUU6S8AF7L;
				INFOPLIST_FILE = "Tests iOS/Info.plist";
				IPHONEOS_DEPLOYMENT_TARGET = 14.4;
				LD_RUNPATH_SEARCH_PATHS = (
					"$(inherited)",
					"@executable_path/Frameworks",
					"@loader_path/Frameworks",
				);
				PRODUCT_BUNDLE_IDENTIFIER = "com.benaubin.Tests-iOS";
				PRODUCT_NAME = "$(TARGET_NAME)";
				SDKROOT = iphoneos;
				SWIFT_VERSION = 5.0;
				TARGETED_DEVICE_FAMILY = "1,2";
				TEST_TARGET_NAME = "Harness (iOS)";
			};
			name = Debug;
		};
		7AF872C825EB1D160040C76B /* Release */ = {
			isa = XCBuildConfiguration;
			buildSettings = {
				ALWAYS_EMBED_SWIFT_STANDARD_LIBRARIES = YES;
				CODE_SIGN_STYLE = Automatic;
				DEVELOPMENT_TEAM = XUU6S8AF7L;
				INFOPLIST_FILE = "Tests iOS/Info.plist";
				IPHONEOS_DEPLOYMENT_TARGET = 14.4;
				LD_RUNPATH_SEARCH_PATHS = (
					"$(inherited)",
					"@executable_path/Frameworks",
					"@loader_path/Frameworks",
				);
				PRODUCT_BUNDLE_IDENTIFIER = "com.benaubin.Tests-iOS";
				PRODUCT_NAME = "$(TARGET_NAME)";
				SDKROOT = iphoneos;
				SWIFT_VERSION = 5.0;
				TARGETED_DEVICE_FAMILY = "1,2";
				TEST_TARGET_NAME = "Harness (iOS)";
				VALIDATE_PRODUCT = YES;
			};
			name = Release;
		};
		7AF872CA25EB1D160040C76B /* Debug */ = {
			isa = XCBuildConfiguration;
			buildSettings = {
				ALWAYS_EMBED_SWIFT_STANDARD_LIBRARIES = YES;
				CODE_SIGN_STYLE = Automatic;
				COMBINE_HIDPI_IMAGES = YES;
				DEVELOPMENT_TEAM = XUU6S8AF7L;
				INFOPLIST_FILE = "Tests macOS/Info.plist";
				LD_RUNPATH_SEARCH_PATHS = (
					"$(inherited)",
					"@executable_path/../Frameworks",
					"@loader_path/../Frameworks",
				);
				MACOSX_DEPLOYMENT_TARGET = 11.1;
				PRODUCT_BUNDLE_IDENTIFIER = "com.benaubin.Tests-macOS";
				PRODUCT_NAME = "$(TARGET_NAME)";
				SDKROOT = macosx;
				SWIFT_VERSION = 5.0;
				TEST_TARGET_NAME = "Harness (macOS)";
			};
			name = Debug;
		};
		7AF872CB25EB1D160040C76B /* Release */ = {
			isa = XCBuildConfiguration;
			buildSettings = {
				ALWAYS_EMBED_SWIFT_STANDARD_LIBRARIES = YES;
				CODE_SIGN_STYLE = Automatic;
				COMBINE_HIDPI_IMAGES = YES;
				DEVELOPMENT_TEAM = XUU6S8AF7L;
				INFOPLIST_FILE = "Tests macOS/Info.plist";
				LD_RUNPATH_SEARCH_PATHS = (
					"$(inherited)",
					"@executable_path/../Frameworks",
					"@loader_path/../Frameworks",
				);
				MACOSX_DEPLOYMENT_TARGET = 11.1;
				PRODUCT_BUNDLE_IDENTIFIER = "com.benaubin.Tests-macOS";
				PRODUCT_NAME = "$(TARGET_NAME)";
				SDKROOT = macosx;
				SWIFT_VERSION = 5.0;
				TEST_TARGET_NAME = "Harness (macOS)";
			};
			name = Release;
		};
/* End XCBuildConfiguration section */

/* Begin XCConfigurationList section */
		7AF8728D25EB1D140040C76B /* Build configuration list for PBXProject "Harness" */ = {
			isa = XCConfigurationList;
			buildConfigurations = (
				7AF872BE25EB1D160040C76B /* Debug */,
				7AF872BF25EB1D160040C76B /* Release */,
			);
			defaultConfigurationIsVisible = 0;
			defaultConfigurationName = Release;
		};
		7AF872C025EB1D160040C76B /* Build configuration list for PBXNativeTarget "Harness (iOS)" */ = {
			isa = XCConfigurationList;
			buildConfigurations = (
				7AF872C125EB1D160040C76B /* Debug */,
				7AF872C225EB1D160040C76B /* Release */,
			);
			defaultConfigurationIsVisible = 0;
			defaultConfigurationName = Release;
		};
		7AF872C325EB1D160040C76B /* Build configuration list for PBXNativeTarget "Harness (macOS)" */ = {
			isa = XCConfigurationList;
			buildConfigurations = (
				7AF872C425EB1D160040C76B /* Debug */,
				7AF872C525EB1D160040C76B /* Release */,
			);
			defaultConfigurationIsVisible = 0;
			defaultConfigurationName = Release;
		};
		7AF872C625EB1D160040C76B /* Build configuration list for PBXNativeTarget "Tests iOS" */ = {
			isa = XCConfigurationList;
			buildConfigurations = (
				7AF872C725EB1D160040C76B /* Debug */,
				7AF872C825EB1D160040C76B /* Release */,
			);
			defaultConfigurationIsVisible = 0;
			defaultConfigurationName = Release;
		};
		7AF872C925EB1D160040C76B /* Build configuration list for PBXNativeTarget "Tests macOS" */ = {
			isa = XCConfigurationList;
			buildConfigurations = (
				7AF872CA25EB1D160040C76B /* Debug */,
				7AF872CB25EB1D160040C76B /* Release */,
			);
			defaultConfigurationIsVisible = 0;
			defaultConfigurationName = Release;
		};
/* End XCConfigurationList section */

/* Begin XCRemoteSwiftPackageReference section */
		497E5AE725EB65330088B1BD /* XCRemoteSwiftPackageReference "apollo-ios" */ = {
			isa = XCRemoteSwiftPackageReference;
			repositoryURL = "https://github.com/apollographql/apollo-ios.git";
			requirement = {
				kind = upToNextMajorVersion;
				minimumVersion = 0.41.0;
			};
		};
		7AF872CF25EB4FAC0040C76B /* XCRemoteSwiftPackageReference "PhoneNumberKit" */ = {
			isa = XCRemoteSwiftPackageReference;
			repositoryURL = "https://github.com/marmelroy/PhoneNumberKit.git";
			requirement = {
				kind = upToNextMajorVersion;
				minimumVersion = 3.3.3;
			};
		};
		B5623C2725EB933E004B27D1 /* XCRemoteSwiftPackageReference "KeychainAccess" */ = {
			isa = XCRemoteSwiftPackageReference;
			repositoryURL = "https://github.com/kishikawakatsumi/KeychainAccess.git";
			requirement = {
				kind = upToNextMajorVersion;
				minimumVersion = 4.2.1;
			};
		};
/* End XCRemoteSwiftPackageReference section */

/* Begin XCSwiftPackageProductDependency section */
		497E5AE825EB65330088B1BD /* Apollo-Dynamic */ = {
			isa = XCSwiftPackageProductDependency;
			package = 497E5AE725EB65330088B1BD /* XCRemoteSwiftPackageReference "apollo-ios" */;
			productName = "Apollo-Dynamic";
		};
		7AF872D025EB4FAC0040C76B /* PhoneNumberKit-Dynamic */ = {
			isa = XCSwiftPackageProductDependency;
			package = 7AF872CF25EB4FAC0040C76B /* XCRemoteSwiftPackageReference "PhoneNumberKit" */;
			productName = "PhoneNumberKit-Dynamic";
		};
		B5623C2825EB933E004B27D1 /* KeychainAccess */ = {
			isa = XCSwiftPackageProductDependency;
			package = B5623C2725EB933E004B27D1 /* XCRemoteSwiftPackageReference "KeychainAccess" */;
			productName = KeychainAccess;
		};
/* End XCSwiftPackageProductDependency section */
	};
	rootObject = 7AF8728A25EB1D140040C76B /* Project object */;
}
